// !$*UTF8*$!
{
	archiveVersion = 1;
	classes = {
	};
	objectVersion = 77;
	objects = {

/* Begin PBXContainerItemProxy section */
		9B15CEEC2D9EDF2700D5433A /* PBXContainerItemProxy */ = {
			isa = PBXContainerItemProxy;
			containerPortal = 9B15CED22D9EDF2600D5433A /* Project object */;
			proxyType = 1;
			remoteGlobalIDString = 9B15CED92D9EDF2600D5433A;
			remoteInfo = "AP Create Task";
		};
		9B15CEF62D9EDF2800D5433A /* PBXContainerItemProxy */ = {
			isa = PBXContainerItemProxy;
			containerPortal = 9B15CED22D9EDF2600D5433A /* Project object */;
			proxyType = 1;
			remoteGlobalIDString = 9B15CED92D9EDF2600D5433A;
			remoteInfo = "AP Create Task";
		};
/* End PBXContainerItemProxy section */

/* Begin PBXFileReference section */
		9B15CEDA2D9EDF2600D5433A /* AP Create Task.app */ = {isa = PBXFileReference; explicitFileType = wrapper.application; includeInIndex = 0; path = "AP Create Task.app"; sourceTree = BUILT_PRODUCTS_DIR; };
		9B15CEEB2D9EDF2700D5433A /* AP Create TaskTests.xctest */ = {isa = PBXFileReference; explicitFileType = wrapper.cfbundle; includeInIndex = 0; path = "AP Create TaskTests.xctest"; sourceTree = BUILT_PRODUCTS_DIR; };
		9B15CEF52D9EDF2800D5433A /* AP Create TaskUITests.xctest */ = {isa = PBXFileReference; explicitFileType = wrapper.cfbundle; includeInIndex = 0; path = "AP Create TaskUITests.xctest"; sourceTree = BUILT_PRODUCTS_DIR; };
/* End PBXFileReference section */

/* Begin PBXFileSystemSynchronizedRootGroup section */
		9B15CEDC2D9EDF2600D5433A /* AP Create Task */ = {
			isa = PBXFileSystemSynchronizedRootGroup;
			path = "AP Create Task";
			sourceTree = "<group>";
		};
		9B15CEEE2D9EDF2700D5433A /* AP Create TaskTests */ = {
			isa = PBXFileSystemSynchronizedRootGroup;
			path = "AP Create TaskTests";
			sourceTree = "<group>";
		};
		9B15CEF82D9EDF2800D5433A /* AP Create TaskUITests */ = {
			isa = PBXFileSystemSynchronizedRootGroup;
			path = "AP Create TaskUITests";
			sourceTree = "<group>";
		};
/* End PBXFileSystemSynchronizedRootGroup section */

/* Begin PBXFrameworksBuildPhase section */
		9B15CED72D9EDF2600D5433A /* Frameworks */ = {
			isa = PBXFrameworksBuildPhase;
			buildActionMask = 2147483647;
			files = (
			);
			runOnlyForDeploymentPostprocessing = 0;
		};
		9B15CEE82D9EDF2700D5433A /* Frameworks */ = {
			isa = PBXFrameworksBuildPhase;
			buildActionMask = 2147483647;
			files = (
			);
			runOnlyForDeploymentPostprocessing = 0;
		};
		9B15CEF22D9EDF2800D5433A /* Frameworks */ = {
			isa = PBXFrameworksBuildPhase;
			buildActionMask = 2147483647;
			files = (
			);
			runOnlyForDeploymentPostprocessing = 0;
		};
/* End PBXFrameworksBuildPhase section */

/* Begin PBXGroup section */
		9B15CED12D9EDF2600D5433A = {
			isa = PBXGroup;
			children = (
				9B15CEDC2D9EDF2600D5433A /* AP Create Task */,
				9B15CEEE2D9EDF2700D5433A /* AP Create TaskTests */,
				9B15CEF82D9EDF2800D5433A /* AP Create TaskUITests */,
				9B15CEDB2D9EDF2600D5433A /* Products */,
			);
			sourceTree = "<group>";
		};
		9B15CEDB2D9EDF2600D5433A /* Products */ = {
			isa = PBXGroup;
			children = (
				9B15CEDA2D9EDF2600D5433A /* AP Create Task.app */,
				9B15CEEB2D9EDF2700D5433A /* AP Create TaskTests.xctest */,
				9B15CEF52D9EDF2800D5433A /* AP Create TaskUITests.xctest */,
			);
			name = Products;
			sourceTree = "<group>";
		};
/* End PBXGroup section */

/* Begin PBXNativeTarget section */
		9B15CED92D9EDF2600D5433A /* AP Create Task */ = {
			isa = PBXNativeTarget;
			buildConfigurationList = 9B15CEFF2D9EDF2800D5433A /* Build configuration list for PBXNativeTarget "AP Create Task" */;
			buildPhases = (
				9B15CED62D9EDF2600D5433A /* Sources */,
				9B15CED72D9EDF2600D5433A /* Frameworks */,
				9B15CED82D9EDF2600D5433A /* Resources */,
			);
			buildRules = (
			);
			dependencies = (
			);
			fileSystemSynchronizedGroups = (
				9B15CEDC2D9EDF2600D5433A /* AP Create Task */,
			);
			name = "AP Create Task";
			packageProductDependencies = (
			);
			productName = "AP Create Task";
			productReference = 9B15CEDA2D9EDF2600D5433A /* AP Create Task.app */;
			productType = "com.apple.product-type.application";
		};
		9B15CEEA2D9EDF2700D5433A /* AP Create TaskTests */ = {
			isa = PBXNativeTarget;
			buildConfigurationList = 9B15CF022D9EDF2800D5433A /* Build configuration list for PBXNativeTarget "AP Create TaskTests" */;
			buildPhases = (
				9B15CEE72D9EDF2700D5433A /* Sources */,
				9B15CEE82D9EDF2700D5433A /* Frameworks */,
				9B15CEE92D9EDF2700D5433A /* Resources */,
			);
			buildRules = (
			);
			dependencies = (
				9B15CEED2D9EDF2700D5433A /* PBXTargetDependency */,
			);
			fileSystemSynchronizedGroups = (
				9B15CEEE2D9EDF2700D5433A /* AP Create TaskTests */,
			);
			name = "AP Create TaskTests";
			packageProductDependencies = (
			);
			productName = "AP Create TaskTests";
			productReference = 9B15CEEB2D9EDF2700D5433A /* AP Create TaskTests.xctest */;
			productType = "com.apple.product-type.bundle.unit-test";
		};
		9B15CEF42D9EDF2800D5433A /* AP Create TaskUITests */ = {
			isa = PBXNativeTarget;
			buildConfigurationList = 9B15CF052D9EDF2800D5433A /* Build configuration list for PBXNativeTarget "AP Create TaskUITests" */;
			buildPhases = (
				9B15CEF12D9EDF2800D5433A /* Sources */,
				9B15CEF22D9EDF2800D5433A /* Frameworks */,
				9B15CEF32D9EDF2800D5433A /* Resources */,
			);
			buildRules = (
			);
			dependencies = (
				9B15CEF72D9EDF2800D5433A /* PBXTargetDependency */,
			);
			fileSystemSynchronizedGroups = (
				9B15CEF82D9EDF2800D5433A /* AP Create TaskUITests */,
			);
			name = "AP Create TaskUITests";
			packageProductDependencies = (
			);
			productName = "AP Create TaskUITests";
			productReference = 9B15CEF52D9EDF2800D5433A /* AP Create TaskUITests.xctest */;
			productType = "com.apple.product-type.bundle.ui-testing";
		};
/* End PBXNativeTarget section */

/* Begin PBXProject section */
		9B15CED22D9EDF2600D5433A /* Project object */ = {
			isa = PBXProject;
			attributes = {
				BuildIndependentTargetsInParallel = 1;
				LastSwiftUpdateCheck = 1620;
				LastUpgradeCheck = 1620;
				TargetAttributes = {
					9B15CED92D9EDF2600D5433A = {
						CreatedOnToolsVersion = 16.2;
					};
					9B15CEEA2D9EDF2700D5433A = {
						CreatedOnToolsVersion = 16.2;
						TestTargetID = 9B15CED92D9EDF2600D5433A;
					};
					9B15CEF42D9EDF2800D5433A = {
						CreatedOnToolsVersion = 16.2;
						TestTargetID = 9B15CED92D9EDF2600D5433A;
					};
				};
			};
			buildConfigurationList = 9B15CED52D9EDF2600D5433A /* Build configuration list for PBXProject "AP Create Task" */;
			developmentRegion = en;
			hasScannedForEncodings = 0;
			knownRegions = (
				en,
				Base,
			);
			mainGroup = 9B15CED12D9EDF2600D5433A;
			minimizedProjectReferenceProxies = 1;
			preferredProjectObjectVersion = 77;
			productRefGroup = 9B15CEDB2D9EDF2600D5433A /* Products */;
			projectDirPath = "";
			projectRoot = "";
			targets = (
				9B15CED92D9EDF2600D5433A /* AP Create Task */,
				9B15CEEA2D9EDF2700D5433A /* AP Create TaskTests */,
				9B15CEF42D9EDF2800D5433A /* AP Create TaskUITests */,
			);
		};
/* End PBXProject section */

/* Begin PBXResourcesBuildPhase section */
		9B15CED82D9EDF2600D5433A /* Resources */ = {
			isa = PBXResourcesBuildPhase;
			buildActionMask = 2147483647;
			files = (
			);
			runOnlyForDeploymentPostprocessing = 0;
		};
		9B15CEE92D9EDF2700D5433A /* Resources */ = {
			isa = PBXResourcesBuildPhase;
			buildActionMask = 2147483647;
			files = (
			);
			runOnlyForDeploymentPostprocessing = 0;
		};
		9B15CEF32D9EDF2800D5433A /* Resources */ = {
			isa = PBXResourcesBuildPhase;
			buildActionMask = 2147483647;
			files = (
			);
			runOnlyForDeploymentPostprocessing = 0;
		};
/* End PBXResourcesBuildPhase section */

/* Begin PBXSourcesBuildPhase section */
		9B15CED62D9EDF2600D5433A /* Sources */ = {
			isa = PBXSourcesBuildPhase;
			buildActionMask = 2147483647;
			files = (
			);
			runOnlyForDeploymentPostprocessing = 0;
		};
		9B15CEE72D9EDF2700D5433A /* Sources */ = {
			isa = PBXSourcesBuildPhase;
			buildActionMask = 2147483647;
			files = (
			);
			runOnlyForDeploymentPostprocessing = 0;
		};
		9B15CEF12D9EDF2800D5433A /* Sources */ = {
			isa = PBXSourcesBuildPhase;
			buildActionMask = 2147483647;
			files = (
			);
			runOnlyForDeploymentPostprocessing = 0;
		};
/* End PBXSourcesBuildPhase section */

/* Begin PBXTargetDependency section */
		9B15CEED2D9EDF2700D5433A /* PBXTargetDependency */ = {
			isa = PBXTargetDependency;
			target = 9B15CED92D9EDF2600D5433A /* AP Create Task */;
			targetProxy = 9B15CEEC2D9EDF2700D5433A /* PBXContainerItemProxy */;
		};
		9B15CEF72D9EDF2800D5433A /* PBXTargetDependency */ = {
			isa = PBXTargetDependency;
			target = 9B15CED92D9EDF2600D5433A /* AP Create Task */;
			targetProxy = 9B15CEF62D9EDF2800D5433A /* PBXContainerItemProxy */;
		};
/* End PBXTargetDependency section */

/* Begin XCBuildConfiguration section */
		9B15CEFD2D9EDF2800D5433A /* Debug */ = {
			isa = XCBuildConfiguration;
			buildSettings = {
				ALWAYS_SEARCH_USER_PATHS = NO;
				ASSETCATALOG_COMPILER_GENERATE_SWIFT_ASSET_SYMBOL_EXTENSIONS = YES;
				CLANG_ANALYZER_NONNULL = YES;
				CLANG_ANALYZER_NUMBER_OBJECT_CONVERSION = YES_AGGRESSIVE;
				CLANG_CXX_LANGUAGE_STANDARD = "gnu++20";
				CLANG_ENABLE_MODULES = YES;
				CLANG_ENABLE_OBJC_ARC = YES;
				CLANG_ENABLE_OBJC_WEAK = YES;
				CLANG_WARN_BLOCK_CAPTURE_AUTORELEASING = YES;
				CLANG_WARN_BOOL_CONVERSION = YES;
				CLANG_WARN_COMMA = YES;
				CLANG_WARN_CONSTANT_CONVERSION = YES;
				CLANG_WARN_DEPRECATED_OBJC_IMPLEMENTATIONS = YES;
				CLANG_WARN_DIRECT_OBJC_ISA_USAGE = YES_ERROR;
				CLANG_WARN_DOCUMENTATION_COMMENTS = YES;
				CLANG_WARN_EMPTY_BODY = YES;
				CLANG_WARN_ENUM_CONVERSION = YES;
				CLANG_WARN_INFINITE_RECURSION = YES;
				CLANG_WARN_INT_CONVERSION = YES;
				CLANG_WARN_NON_LITERAL_NULL_CONVERSION = YES;
				CLANG_WARN_OBJC_IMPLICIT_RETAIN_SELF = YES;
				CLANG_WARN_OBJC_LITERAL_CONVERSION = YES;
				CLANG_WARN_OBJC_ROOT_CLASS = YES_ERROR;
				CLANG_WARN_QUOTED_INCLUDE_IN_FRAMEWORK_HEADER = YES;
				CLANG_WARN_RANGE_LOOP_ANALYSIS = YES;
				CLANG_WARN_STRICT_PROTOTYPES = YES;
				CLANG_WARN_SUSPICIOUS_MOVE = YES;
				CLANG_WARN_UNGUARDED_AVAILABILITY = YES_AGGRESSIVE;
				CLANG_WARN_UNREACHABLE_CODE = YES;
				CLANG_WARN__DUPLICATE_METHOD_MATCH = YES;
				COPY_PHASE_STRIP = NO;
				DEBUG_INFORMATION_FORMAT = dwarf;
				ENABLE_STRICT_OBJC_MSGSEND = YES;
				ENABLE_TESTABILITY = YES;
				ENABLE_USER_SCRIPT_SANDBOXING = YES;
				GCC_C_LANGUAGE_STANDARD = gnu17;
				GCC_DYNAMIC_NO_PIC = NO;
				GCC_NO_COMMON_BLOCKS = YES;
				GCC_OPTIMIZATION_LEVEL = 0;
				GCC_PREPROCESSOR_DEFINITIONS = (
					"DEBUG=1",
					"$(inherited)",
				);
				GCC_WARN_64_TO_32_BIT_CONVERSION = YES;
				GCC_WARN_ABOUT_RETURN_TYPE = YES_ERROR;
				GCC_WARN_UNDECLARED_SELECTOR = YES;
				GCC_WARN_UNINITIALIZED_AUTOS = YES_AGGRESSIVE;
				GCC_WARN_UNUSED_FUNCTION = YES;
				GCC_WARN_UNUSED_VARIABLE = YES;
				LOCALIZATION_PREFERS_STRING_CATALOGS = YES;
				MACOSX_DEPLOYMENT_TARGET = 15.2;
				MTL_ENABLE_DEBUG_INFO = INCLUDE_SOURCE;
				MTL_FAST_MATH = YES;
				ONLY_ACTIVE_ARCH = YES;
				SDKROOT = macosx;
				SWIFT_ACTIVE_COMPILATION_CONDITIONS = "DEBUG $(inherited)";
				SWIFT_OPTIMIZATION_LEVEL = "-Onone";
			};
			name = Debug;
		};
		9B15CEFE2D9EDF2800D5433A /* Release */ = {
			isa = XCBuildConfiguration;
			buildSettings = {
				ALWAYS_SEARCH_USER_PATHS = NO;
				ASSETCATALOG_COMPILER_GENERATE_SWIFT_ASSET_SYMBOL_EXTENSIONS = YES;
				CLANG_ANALYZER_NONNULL = YES;
				CLANG_ANALYZER_NUMBER_OBJECT_CONVERSION = YES_AGGRESSIVE;
				CLANG_CXX_LANGUAGE_STANDARD = "gnu++20";
				CLANG_ENABLE_MODULES = YES;
				CLANG_ENABLE_OBJC_ARC = YES;
				CLANG_ENABLE_OBJC_WEAK = YES;
				CLANG_WARN_BLOCK_CAPTURE_AUTORELEASING = YES;
				CLANG_WARN_BOOL_CONVERSION = YES;
				CLANG_WARN_COMMA = YES;
				CLANG_WARN_CONSTANT_CONVERSION = YES;
				CLANG_WARN_DEPRECATED_OBJC_IMPLEMENTATIONS = YES;
				CLANG_WARN_DIRECT_OBJC_ISA_USAGE = YES_ERROR;
				CLANG_WARN_DOCUMENTATION_COMMENTS = YES;
				CLANG_WARN_EMPTY_BODY = YES;
				CLANG_WARN_ENUM_CONVERSION = YES;
				CLANG_WARN_INFINITE_RECURSION = YES;
				CLANG_WARN_INT_CONVERSION = YES;
				CLANG_WARN_NON_LITERAL_NULL_CONVERSION = YES;
				CLANG_WARN_OBJC_IMPLICIT_RETAIN_SELF = YES;
				CLANG_WARN_OBJC_LITERAL_CONVERSION = YES;
				CLANG_WARN_OBJC_ROOT_CLASS = YES_ERROR;
				CLANG_WARN_QUOTED_INCLUDE_IN_FRAMEWORK_HEADER = YES;
				CLANG_WARN_RANGE_LOOP_ANALYSIS = YES;
				CLANG_WARN_STRICT_PROTOTYPES = YES;
				CLANG_WARN_SUSPICIOUS_MOVE = YES;
				CLANG_WARN_UNGUARDED_AVAILABILITY = YES_AGGRESSIVE;
				CLANG_WARN_UNREACHABLE_CODE = YES;
				CLANG_WARN__DUPLICATE_METHOD_MATCH = YES;
				COPY_PHASE_STRIP = NO;
				DEBUG_INFORMATION_FORMAT = "dwarf-with-dsym";
				ENABLE_NS_ASSERTIONS = NO;
				ENABLE_STRICT_OBJC_MSGSEND = YES;
				ENABLE_USER_SCRIPT_SANDBOXING = YES;
				GCC_C_LANGUAGE_STANDARD = gnu17;
				GCC_NO_COMMON_BLOCKS = YES;
				GCC_WARN_64_TO_32_BIT_CONVERSION = YES;
				GCC_WARN_ABOUT_RETURN_TYPE = YES_ERROR;
				GCC_WARN_UNDECLARED_SELECTOR = YES;
				GCC_WARN_UNINITIALIZED_AUTOS = YES_AGGRESSIVE;
				GCC_WARN_UNUSED_FUNCTION = YES;
				GCC_WARN_UNUSED_VARIABLE = YES;
				LOCALIZATION_PREFERS_STRING_CATALOGS = YES;
				MACOSX_DEPLOYMENT_TARGET = 15.2;
				MTL_ENABLE_DEBUG_INFO = NO;
				MTL_FAST_MATH = YES;
				SDKROOT = macosx;
				SWIFT_COMPILATION_MODE = wholemodule;
			};
			name = Release;
		};
		9B15CF002D9EDF2800D5433A /* Debug */ = {
			isa = XCBuildConfiguration;
			buildSettings = {
				ASSETCATALOG_COMPILER_APPICON_NAME = AppIcon;
				ASSETCATALOG_COMPILER_GLOBAL_ACCENT_COLOR_NAME = AccentColor;
				CODE_SIGN_ENTITLEMENTS = "AP Create Task/AP_Create_Task.entitlements";
				CODE_SIGN_STYLE = Automatic;
				COMBINE_HIDPI_IMAGES = YES;
				CURRENT_PROJECT_VERSION = 1;
				DEVELOPMENT_ASSET_PATHS = "\"AP Create Task/Preview Content\"";
				ENABLE_PREVIEWS = YES;
				GENERATE_INFOPLIST_FILE = YES;
				INFOPLIST_KEY_NSHumanReadableCopyright = "";
				LD_RUNPATH_SEARCH_PATHS = (
					"$(inherited)",
					"@executable_path/../Frameworks",
				);
				MARKETING_VERSION = 1.0;
				PRODUCT_BUNDLE_IDENTIFIER = "ca.blavallee.AP-Create-Task";
				PRODUCT_NAME = "$(TARGET_NAME)";
				SWIFT_EMIT_LOC_STRINGS = YES;
				SWIFT_VERSION = 5.0;
			};
			name = Debug;
		};
		9B15CF012D9EDF2800D5433A /* Release */ = {
			isa = XCBuildConfiguration;
			buildSettings = {
				ASSETCATALOG_COMPILER_APPICON_NAME = AppIcon;
				ASSETCATALOG_COMPILER_GLOBAL_ACCENT_COLOR_NAME = AccentColor;
				CODE_SIGN_ENTITLEMENTS = "AP Create Task/AP_Create_Task.entitlements";
				CODE_SIGN_STYLE = Automatic;
				COMBINE_HIDPI_IMAGES = YES;
				CURRENT_PROJECT_VERSION = 1;
				DEVELOPMENT_ASSET_PATHS = "\"AP Create Task/Preview Content\"";
				ENABLE_PREVIEWS = YES;
				GENERATE_INFOPLIST_FILE = YES;
				INFOPLIST_KEY_NSHumanReadableCopyright = "";
				LD_RUNPATH_SEARCH_PATHS = (
					"$(inherited)",
					"@executable_path/../Frameworks",
				);
				MARKETING_VERSION = 1.0;
				PRODUCT_BUNDLE_IDENTIFIER = "ca.blavallee.AP-Create-Task";
				PRODUCT_NAME = "$(TARGET_NAME)";
				SWIFT_EMIT_LOC_STRINGS = YES;
				SWIFT_VERSION = 5.0;
			};
			name = Release;
		};
		9B15CF032D9EDF2800D5433A /* Debug */ = {
			isa = XCBuildConfiguration;
			buildSettings = {
				BUNDLE_LOADER = "$(TEST_HOST)";
				CODE_SIGN_STYLE = Automatic;
				CURRENT_PROJECT_VERSION = 1;
				GENERATE_INFOPLIST_FILE = YES;
				MACOSX_DEPLOYMENT_TARGET = 15.2;
				MARKETING_VERSION = 1.0;
				PRODUCT_BUNDLE_IDENTIFIER = "ca.blavallee.AP-Create-TaskTests";
				PRODUCT_NAME = "$(TARGET_NAME)";
				SWIFT_EMIT_LOC_STRINGS = NO;
				SWIFT_VERSION = 5.0;
				TEST_HOST = "$(BUILT_PRODUCTS_DIR)/AP Create Task.app/$(BUNDLE_EXECUTABLE_FOLDER_PATH)/AP Create Task";
			};
			name = Debug;
		};
		9B15CF042D9EDF2800D5433A /* Release */ = {
			isa = XCBuildConfiguration;
			buildSettings = {
				BUNDLE_LOADER = "$(TEST_HOST)";
				CODE_SIGN_STYLE = Automatic;
				CURRENT_PROJECT_VERSION = 1;
				GENERATE_INFOPLIST_FILE = YES;
				MACOSX_DEPLOYMENT_TARGET = 15.2;
				MARKETING_VERSION = 1.0;
				PRODUCT_BUNDLE_IDENTIFIER = "ca.blavallee.AP-Create-TaskTests";
				PRODUCT_NAME = "$(TARGET_NAME)";
				SWIFT_EMIT_LOC_STRINGS = NO;
				SWIFT_VERSION = 5.0;
				TEST_HOST = "$(BUILT_PRODUCTS_DIR)/AP Create Task.app/$(BUNDLE_EXECUTABLE_FOLDER_PATH)/AP Create Task";
			};
			name = Release;
		};
		9B15CF062D9EDF2800D5433A /* Debug */ = {
			isa = XCBuildConfiguration;
			buildSettings = {
				CODE_SIGN_STYLE = Automatic;
				CURRENT_PROJECT_VERSION = 1;
				GENERATE_INFOPLIST_FILE = YES;
				MARKETING_VERSION = 1.0;
				PRODUCT_BUNDLE_IDENTIFIER = "ca.blavallee.AP-Create-TaskUITests";
				PRODUCT_NAME = "$(TARGET_NAME)";
				SWIFT_EMIT_LOC_STRINGS = NO;
				SWIFT_VERSION = 5.0;
				TEST_TARGET_NAME = "AP Create Task";
			};
			name = Debug;
		};
		9B15CF072D9EDF2800D5433A /* Release */ = {
			isa = XCBuildConfiguration;
			buildSettings = {
				CODE_SIGN_STYLE = Automatic;
				CURRENT_PROJECT_VERSION = 1;
				GENERATE_INFOPLIST_FILE = YES;
				MARKETING_VERSION = 1.0;
				PRODUCT_BUNDLE_IDENTIFIER = "ca.blavallee.AP-Create-TaskUITests";
				PRODUCT_NAME = "$(TARGET_NAME)";
				SWIFT_EMIT_LOC_STRINGS = NO;
				SWIFT_VERSION = 5.0;
				TEST_TARGET_NAME = "AP Create Task";
			};
			name = Release;
		};
/* End XCBuildConfiguration section */

/* Begin XCConfigurationList section */
		9B15CED52D9EDF2600D5433A /* Build configuration list for PBXProject "AP Create Task" */ = {
			isa = XCConfigurationList;
			buildConfigurations = (
				9B15CEFD2D9EDF2800D5433A /* Debug */,
				9B15CEFE2D9EDF2800D5433A /* Release */,
			);
			defaultConfigurationIsVisible = 0;
			defaultConfigurationName = Release;
		};
		9B15CEFF2D9EDF2800D5433A /* Build configuration list for PBXNativeTarget "AP Create Task" */ = {
			isa = XCConfigurationList;
			buildConfigurations = (
				9B15CF002D9EDF2800D5433A /* Debug */,
				9B15CF012D9EDF2800D5433A /* Release */,
			);
			defaultConfigurationIsVisible = 0;
			defaultConfigurationName = Release;
		};
		9B15CF022D9EDF2800D5433A /* Build configuration list for PBXNativeTarget "AP Create TaskTests" */ = {
			isa = XCConfigurationList;
			buildConfigurations = (
				9B15CF032D9EDF2800D5433A /* Debug */,
				9B15CF042D9EDF2800D5433A /* Release */,
			);
			defaultConfigurationIsVisible = 0;
			defaultConfigurationName = Release;
		};
		9B15CF052D9EDF2800D5433A /* Build configuration list for PBXNativeTarget "AP Create TaskUITests" */ = {
			isa = XCConfigurationList;
			buildConfigurations = (
				9B15CF062D9EDF2800D5433A /* Debug */,
				9B15CF072D9EDF2800D5433A /* Release */,
			);
			defaultConfigurationIsVisible = 0;
			defaultConfigurationName = Release;
		};
/* End XCConfigurationList section */
	};
	rootObject = 9B15CED22D9EDF2600D5433A /* Project object */;
}
